PODS:
  - AFNetworking/Reachability (3.1.0)
  - BBTest (0.1.0)
  - Kiwi (2.4.0)

DEPENDENCIES:
  - AFNetworking/Reachability
  - BBTest (from `../`)
  - Kiwi

SPEC REPOS:
  https://github.com/cocoapods/specs.git:
    - AFNetworking
    - Kiwi

EXTERNAL SOURCES:
  BBTest:
    :path: "../"

SPEC CHECKSUMS:
  AFNetworking: 5e0e199f73d8626b11e79750991f5d173d1f8b67
  BBTest: aae66e6a1c1a29255af72235d5ee89b544970394
  Kiwi: f49c9d54b28917df5928fe44968a39ed198cb8a8

PODFILE CHECKSUM: d84d051fa2dfa06e07d9a0175d6cc1ea435af1e1

COCOAPODS: 1.7.3
